{
  "name": "rspec-iterm",
  "version": "0.1.4",
  "lockfileVersion": 1,
  "requires": true,
  "dependencies": {
    "duplex-child-process": {
      "version": "0.0.5",
      "resolved": "https://registry.npmjs.org/duplex-child-process/-/duplex-child-process-0.0.5.tgz",
      "integrity": "sha1-HCRiuOyP0B5DKDbrvVkrzf+7Zek="
    },
    "osascript": {
      "version": "1.2.0",
      "resolved": "https://registry.npmjs.org/osascript/-/osascript-1.2.0.tgz",
      "integrity": "sha1-3oLikvCJHdCFisVSjlrHcgYcKkc=",
      "requires": {
        "duplex-child-process": "0.0.5"
      }
    }
  }
}
